// !$*UTF8*$!
{
	archiveVersion = 1;
	classes = {
	};
	objectVersion = 50;
	objects = {

/* Begin PBXBuildFile section */
		8405F39F233E74AA009D2B51 /* NetworkConnectionON.swift in Sources */ = {isa = PBXBuildFile; fileRef = 8405F39E233E74AA009D2B51 /* NetworkConnectionON.swift */; };
		8406D0D0233A318C00035B9C /* AppDelegate.swift in Sources */ = {isa = PBXBuildFile; fileRef = 8406D0CF233A318C00035B9C /* AppDelegate.swift */; };
		8406D0D2233A318C00035B9C /* SceneDelegate.swift in Sources */ = {isa = PBXBuildFile; fileRef = 8406D0D1233A318C00035B9C /* SceneDelegate.swift */; };
		8406D0D7233A318C00035B9C /* Main.storyboard in Resources */ = {isa = PBXBuildFile; fileRef = 8406D0D5233A318C00035B9C /* Main.storyboard */; };
		8406D0D9233A318D00035B9C /* Assets.xcassets in Resources */ = {isa = PBXBuildFile; fileRef = 8406D0D8233A318D00035B9C /* Assets.xcassets */; };
		8406D0DC233A318D00035B9C /* LaunchScreen.storyboard in Resources */ = {isa = PBXBuildFile; fileRef = 8406D0DA233A318D00035B9C /* LaunchScreen.storyboard */; };
		8406D0E4233A348500035B9C /* NetworkService.swift in Sources */ = {isa = PBXBuildFile; fileRef = 8406D0E3233A348500035B9C /* NetworkService.swift */; };
		8406D0E6233A359B00035B9C /* MainTapBarController.swift in Sources */ = {isa = PBXBuildFile; fileRef = 8406D0E5233A359B00035B9C /* MainTapBarController.swift */; };
		8406D0E9233A371100035B9C /* OutputViewController.swift in Sources */ = {isa = PBXBuildFile; fileRef = 8406D0E8233A371100035B9C /* OutputViewController.swift */; };
		8406D0EC233A379000035B9C /* AddViewController.swift in Sources */ = {isa = PBXBuildFile; fileRef = 8406D0EB233A379000035B9C /* AddViewController.swift */; };
		8406D0EE233A37C600035B9C /* ViewFullViewController.swift in Sources */ = {isa = PBXBuildFile; fileRef = 8406D0ED233A37C600035B9C /* ViewFullViewController.swift */; };
		8406D0F1233A486900035B9C /* SessionResult.swift in Sources */ = {isa = PBXBuildFile; fileRef = 8406D0F0233A486900035B9C /* SessionResult.swift */; };
		840C9827233BDE6500363ACF /* SessionModel.swift in Sources */ = {isa = PBXBuildFile; fileRef = 840C9826233BDE6500363ACF /* SessionModel.swift */; };
		840C9829233BE78C00363ACF /* SessionAddModel.swift in Sources */ = {isa = PBXBuildFile; fileRef = 840C9828233BE78C00363ACF /* SessionAddModel.swift */; };
/* End PBXBuildFile section */

/* Begin PBXFileReference section */
		8405F39E233E74AA009D2B51 /* NetworkConnectionON.swift */ = {isa = PBXFileReference; lastKnownFileType = sourcecode.swift; path = NetworkConnectionON.swift; sourceTree = "<group>"; };
		8406D0CC233A318C00035B9C /* testTask.app */ = {isa = PBXFileReference; explicitFileType = wrapper.application; includeInIndex = 0; path = testTask.app; sourceTree = BUILT_PRODUCTS_DIR; };
		8406D0CF233A318C00035B9C /* AppDelegate.swift */ = {isa = PBXFileReference; lastKnownFileType = sourcecode.swift; path = AppDelegate.swift; sourceTree = "<group>"; };
		8406D0D1233A318C00035B9C /* SceneDelegate.swift */ = {isa = PBXFileReference; lastKnownFileType = sourcecode.swift; path = SceneDelegate.swift; sourceTree = "<group>"; };
		8406D0D6233A318C00035B9C /* Base */ = {isa = PBXFileReference; lastKnownFileType = file.storyboard; name = Base; path = Base.lproj/Main.storyboard; sourceTree = "<group>"; };
		8406D0D8233A318D00035B9C /* Assets.xcassets */ = {isa = PBXFileReference; lastKnownFileType = folder.assetcatalog; path = Assets.xcassets; sourceTree = "<group>"; };
		8406D0DB233A318D00035B9C /* Base */ = {isa = PBXFileReference; lastKnownFileType = file.storyboard; name = Base; path = Base.lproj/LaunchScreen.storyboard; sourceTree = "<group>"; };
		8406D0DD233A318D00035B9C /* Info.plist */ = {isa = PBXFileReference; lastKnownFileType = text.plist.xml; path = Info.plist; sourceTree = "<group>"; };
		8406D0E3233A348500035B9C /* NetworkService.swift */ = {isa = PBXFileReference; lastKnownFileType = sourcecode.swift; path = NetworkService.swift; sourceTree = "<group>"; };
		8406D0E5233A359B00035B9C /* MainTapBarController.swift */ = {isa = PBXFileReference; lastKnownFileType = sourcecode.swift; path = MainTapBarController.swift; sourceTree = "<group>"; };
		8406D0E8233A371100035B9C /* OutputViewController.swift */ = {isa = PBXFileReference; lastKnownFileType = sourcecode.swift; path = OutputViewController.swift; sourceTree = "<group>"; };
		8406D0EB233A379000035B9C /* AddViewController.swift */ = {isa = PBXFileReference; lastKnownFileType = sourcecode.swift; path = AddViewController.swift; sourceTree = "<group>"; };
		8406D0ED233A37C600035B9C /* ViewFullViewController.swift */ = {isa = PBXFileReference; lastKnownFileType = sourcecode.swift; path = ViewFullViewController.swift; sourceTree = "<group>"; };
		8406D0F0233A486900035B9C /* SessionResult.swift */ = {isa = PBXFileReference; lastKnownFileType = sourcecode.swift; path = SessionResult.swift; sourceTree = "<group>"; };
		840C9826233BDE6500363ACF /* SessionModel.swift */ = {isa = PBXFileReference; lastKnownFileType = sourcecode.swift; path = SessionModel.swift; sourceTree = "<group>"; };
		840C9828233BE78C00363ACF /* SessionAddModel.swift */ = {isa = PBXFileReference; lastKnownFileType = sourcecode.swift; path = SessionAddModel.swift; sourceTree = "<group>"; };
/* End PBXFileReference section */

/* Begin PBXFrameworksBuildPhase section */
		8406D0C9233A318C00035B9C /* Frameworks */ = {
			isa = PBXFrameworksBuildPhase;
			buildActionMask = 2147483647;
			files = (
			);
			runOnlyForDeploymentPostprocessing = 0;
		};
/* End PBXFrameworksBuildPhase section */

/* Begin PBXGroup section */
		8406D0C3233A318C00035B9C = {
			isa = PBXGroup;
			children = (
				8406D0CE233A318C00035B9C /* testTask */,
				8406D0CD233A318C00035B9C /* Products */,
			);
			sourceTree = "<group>";
		};
		8406D0CD233A318C00035B9C /* Products */ = {
			isa = PBXGroup;
			children = (
				8406D0CC233A318C00035B9C /* testTask.app */,
			);
			name = Products;
			sourceTree = "<group>";
		};
		8406D0CE233A318C00035B9C /* testTask */ = {
			isa = PBXGroup;
			children = (
				8406D0EF233A381A00035B9C /* SystemGenerate */,
				8406D0EA233A376C00035B9C /* ViewControllers */,
				8406D0E7233A36E700035B9C /* Network */,
				8406D0D5233A318C00035B9C /* Main.storyboard */,
				8406D0D8233A318D00035B9C /* Assets.xcassets */,
				8406D0DA233A318D00035B9C /* LaunchScreen.storyboard */,
				8406D0DD233A318D00035B9C /* Info.plist */,
			);
			path = testTask;
			sourceTree = "<group>";
		};
		8406D0E7233A36E700035B9C /* Network */ = {
			isa = PBXGroup;
			children = (
				8406D0F0233A486900035B9C /* SessionResult.swift */,
				840C9826233BDE6500363ACF /* SessionModel.swift */,
				8406D0E3233A348500035B9C /* NetworkService.swift */,
				840C9828233BE78C00363ACF /* SessionAddModel.swift */,
				8405F39E233E74AA009D2B51 /* NetworkConnectionON.swift */,
			);
			path = Network;
			sourceTree = "<group>";
		};
		8406D0EA233A376C00035B9C /* ViewControllers */ = {
			isa = PBXGroup;
			children = (
				8406D0E8233A371100035B9C /* OutputViewController.swift */,
				8406D0EB233A379000035B9C /* AddViewController.swift */,
				8406D0ED233A37C600035B9C /* ViewFullViewController.swift */,
			);
			path = ViewControllers;
			sourceTree = "<group>";
		};
		8406D0EF233A381A00035B9C /* SystemGenerate */ = {
			isa = PBXGroup;
			children = (
				8406D0CF233A318C00035B9C /* AppDelegate.swift */,
				8406D0D1233A318C00035B9C /* SceneDelegate.swift */,
				8406D0E5233A359B00035B9C /* MainTapBarController.swift */,
			);
			path = SystemGenerate;
			sourceTree = "<group>";
		};
/* End PBXGroup section */

/* Begin PBXNativeTarget section */
		8406D0CB233A318C00035B9C /* testTask */ = {
			isa = PBXNativeTarget;
			buildConfigurationList = 8406D0E0233A318D00035B9C /* Build configuration list for PBXNativeTarget "testTask" */;
			buildPhases = (
				8406D0C8233A318C00035B9C /* Sources */,
				8406D0C9233A318C00035B9C /* Frameworks */,
				8406D0CA233A318C00035B9C /* Resources */,
			);
			buildRules = (
			);
			dependencies = (
			);
			name = testTask;
			productName = testTask;
			productReference = 8406D0CC233A318C00035B9C /* testTask.app */;
			productType = "com.apple.product-type.application";
		};
/* End PBXNativeTarget section */

/* Begin PBXProject section */
		8406D0C4233A318C00035B9C /* Project object */ = {
			isa = PBXProject;
			attributes = {
				LastSwiftUpdateCheck = 1100;
				LastUpgradeCheck = 1100;
				ORGANIZATIONNAME = musamuss;
				TargetAttributes = {
					8406D0CB233A318C00035B9C = {
						CreatedOnToolsVersion = 11.0;
					};
				};
			};
			buildConfigurationList = 8406D0C7233A318C00035B9C /* Build configuration list for PBXProject "testTask" */;
			compatibilityVersion = "Xcode 9.3";
			developmentRegion = en;
			hasScannedForEncodings = 0;
			knownRegions = (
				en,
				Base,
			);
			mainGroup = 8406D0C3233A318C00035B9C;
			productRefGroup = 8406D0CD233A318C00035B9C /* Products */;
			projectDirPath = "";
			projectRoot = "";
			targets = (
				8406D0CB233A318C00035B9C /* testTask */,
			);
		};
/* End PBXProject section */

/* Begin PBXResourcesBuildPhase section */
		8406D0CA233A318C00035B9C /* Resources */ = {
			isa = PBXResourcesBuildPhase;
			buildActionMask = 2147483647;
			files = (
				8406D0DC233A318D00035B9C /* LaunchScreen.storyboard in Resources */,
				8406D0D9233A318D00035B9C /* Assets.xcassets in Resources */,
				8406D0D7233A318C00035B9C /* Main.storyboard in Resources */,
			);
			runOnlyForDeploymentPostprocessing = 0;
		};
/* End PBXResourcesBuildPhase section */

/* Begin PBXSourcesBuildPhase section */
		8406D0C8233A318C00035B9C /* Sources */ = {
			isa = PBXSourcesBuildPhase;
			buildActionMask = 2147483647;
			files = (
				8406D0E9233A371100035B9C /* OutputViewController.swift in Sources */,
				8406D0EC233A379000035B9C /* AddViewController.swift in Sources */,
				840C9827233BDE6500363ACF /* SessionModel.swift in Sources */,
				8406D0F1233A486900035B9C /* SessionResult.swift in Sources */,
				840C9829233BE78C00363ACF /* SessionAddModel.swift in Sources */,
				8406D0D0233A318C00035B9C /* AppDelegate.swift in Sources */,
				8406D0EE233A37C600035B9C /* ViewFullViewController.swift in Sources */,
				8405F39F233E74AA009D2B51 /* NetworkConnectionON.swift in Sources */,
				8406D0E4233A348500035B9C /* NetworkService.swift in Sources */,
				8406D0D2233A318C00035B9C /* SceneDelegate.swift in Sources */,
				8406D0E6233A359B00035B9C /* MainTapBarController.swift in Sources */,
			);
			runOnlyForDeploymentPostprocessing = 0;
		};
/* End PBXSourcesBuildPhase section */

/* Begin PBXVariantGroup section */
		8406D0D5233A318C00035B9C /* Main.storyboard */ = {
			isa = PBXVariantGroup;
			children = (
				8406D0D6233A318C00035B9C /* Base */,
			);
			name = Main.storyboard;
			sourceTree = "<group>";
		};
		8406D0DA233A318D00035B9C /* LaunchScreen.storyboard */ = {
			isa = PBXVariantGroup;
			children = (
				8406D0DB233A318D00035B9C /* Base */,
			);
			name = LaunchScreen.storyboard;
			sourceTree = "<group>";
		};
/* End PBXVariantGroup section */

/* Begin XCBuildConfiguration section */
		8406D0DE233A318D00035B9C /* Debug */ = {
			isa = XCBuildConfiguration;
			buildSettings = {
				ALWAYS_SEARCH_USER_PATHS = NO;
				CLANG_ANALYZER_NONNULL = YES;
				CLANG_ANALYZER_NUMBER_OBJECT_CONVERSION = YES_AGGRESSIVE;
				CLANG_CXX_LANGUAGE_STANDARD = "gnu++14";
				CLANG_CXX_LIBRARY = "libc++";
				CLANG_ENABLE_MODULES = YES;
				CLANG_ENABLE_OBJC_ARC = YES;
				CLANG_ENABLE_OBJC_WEAK = YES;
				CLANG_WARN_BLOCK_CAPTURE_AUTORELEASING = YES;
				CLANG_WARN_BOOL_CONVERSION = YES;
				CLANG_WARN_COMMA = YES;
				CLANG_WARN_CONSTANT_CONVERSION = YES;
				CLANG_WARN_DEPRECATED_OBJC_IMPLEMENTATIONS = YES;
				CLANG_WARN_DIRECT_OBJC_ISA_USAGE = YES_ERROR;
				CLANG_WARN_DOCUMENTATION_COMMENTS = YES;
				CLANG_WARN_EMPTY_BODY = YES;
				CLANG_WARN_ENUM_CONVERSION = YES;
				CLANG_WARN_INFINITE_RECURSION = YES;
				CLANG_WARN_INT_CONVERSION = YES;
				CLANG_WARN_NON_LITERAL_NULL_CONVERSION = YES;
				CLANG_WARN_OBJC_IMPLICIT_RETAIN_SELF = YES;
				CLANG_WARN_OBJC_LITERAL_CONVERSION = YES;
				CLANG_WARN_OBJC_ROOT_CLASS = YES_ERROR;
				CLANG_WARN_RANGE_LOOP_ANALYSIS = YES;
				CLANG_WARN_STRICT_PROTOTYPES = YES;
				CLANG_WARN_SUSPICIOUS_MOVE = YES;
				CLANG_WARN_UNGUARDED_AVAILABILITY = YES_AGGRESSIVE;
				CLANG_WARN_UNREACHABLE_CODE = YES;
				CLANG_WARN__DUPLICATE_METHOD_MATCH = YES;
				COPY_PHASE_STRIP = NO;
				DEBUG_INFORMATION_FORMAT = dwarf;
				ENABLE_STRICT_OBJC_MSGSEND = YES;
				ENABLE_TESTABILITY = YES;
				GCC_C_LANGUAGE_STANDARD = gnu11;
				GCC_DYNAMIC_NO_PIC = NO;
				GCC_NO_COMMON_BLOCKS = YES;
				GCC_OPTIMIZATION_LEVEL = 0;
				GCC_PREPROCESSOR_DEFINITIONS = (
					"DEBUG=1",
					"$(inherited)",
				);
				GCC_WARN_64_TO_32_BIT_CONVERSION = YES;
				GCC_WARN_ABOUT_RETURN_TYPE = YES_ERROR;
				GCC_WARN_UNDECLARED_SELECTOR = YES;
				GCC_WARN_UNINITIALIZED_AUTOS = YES_AGGRESSIVE;
				GCC_WARN_UNUSED_FUNCTION = YES;
				GCC_WARN_UNUSED_VARIABLE = YES;
				IPHONEOS_DEPLOYMENT_TARGET = 13.0;
				MTL_ENABLE_DEBUG_INFO = INCLUDE_SOURCE;
				MTL_FAST_MATH = YES;
				ONLY_ACTIVE_ARCH = YES;
				SDKROOT = iphoneos;
				SWIFT_ACTIVE_COMPILATION_CONDITIONS = DEBUG;
				SWIFT_OPTIMIZATION_LEVEL = "-Onone";
			};
			name = Debug;
		};
		8406D0DF233A318D00035B9C /* Release */ = {
			isa = XCBuildConfiguration;
			buildSettings = {
				ALWAYS_SEARCH_USER_PATHS = NO;
				CLANG_ANALYZER_NONNULL = YES;
				CLANG_ANALYZER_NUMBER_OBJECT_CONVERSION = YES_AGGRESSIVE;
				CLANG_CXX_LANGUAGE_STANDARD = "gnu++14";
				CLANG_CXX_LIBRARY = "libc++";
				CLANG_ENABLE_MODULES = YES;
				CLANG_ENABLE_OBJC_ARC = YES;
				CLANG_ENABLE_OBJC_WEAK = YES;
				CLANG_WARN_BLOCK_CAPTURE_AUTORELEASING = YES;
				CLANG_WARN_BOOL_CONVERSION = YES;
				CLANG_WARN_COMMA = YES;
				CLANG_WARN_CONSTANT_CONVERSION = YES;
				CLANG_WARN_DEPRECATED_OBJC_IMPLEMENTATIONS = YES;
				CLANG_WARN_DIRECT_OBJC_ISA_USAGE = YES_ERROR;
				CLANG_WARN_DOCUMENTATION_COMMENTS = YES;
				CLANG_WARN_EMPTY_BODY = YES;
				CLANG_WARN_ENUM_CONVERSION = YES;
				CLANG_WARN_INFINITE_RECURSION = YES;
				CLANG_WARN_INT_CONVERSION = YES;
				CLANG_WARN_NON_LITERAL_NULL_CONVERSION = YES;
				CLANG_WARN_OBJC_IMPLICIT_RETAIN_SELF = YES;
				CLANG_WARN_OBJC_LITERAL_CONVERSION = YES;
				CLANG_WARN_OBJC_ROOT_CLASS = YES_ERROR;
				CLANG_WARN_RANGE_LOOP_ANALYSIS = YES;
				CLANG_WARN_STRICT_PROTOTYPES = YES;
				CLANG_WARN_SUSPICIOUS_MOVE = YES;
				CLANG_WARN_UNGUARDED_AVAILABILITY = YES_AGGRESSIVE;
				CLANG_WARN_UNREACHABLE_CODE = YES;
				CLANG_WARN__DUPLICATE_METHOD_MATCH = YES;
				COPY_PHASE_STRIP = NO;
				DEBUG_INFORMATION_FORMAT = "dwarf-with-dsym";
				ENABLE_NS_ASSERTIONS = NO;
				ENABLE_STRICT_OBJC_MSGSEND = YES;
				GCC_C_LANGUAGE_STANDARD = gnu11;
				GCC_NO_COMMON_BLOCKS = YES;
				GCC_WARN_64_TO_32_BIT_CONVERSION = YES;
				GCC_WARN_ABOUT_RETURN_TYPE = YES_ERROR;
				GCC_WARN_UNDECLARED_SELECTOR = YES;
				GCC_WARN_UNINITIALIZED_AUTOS = YES_AGGRESSIVE;
				GCC_WARN_UNUSED_FUNCTION = YES;
				GCC_WARN_UNUSED_VARIABLE = YES;
				IPHONEOS_DEPLOYMENT_TARGET = 13.0;
				MTL_ENABLE_DEBUG_INFO = NO;
				MTL_FAST_MATH = YES;
				SDKROOT = iphoneos;
				SWIFT_COMPILATION_MODE = wholemodule;
				SWIFT_OPTIMIZATION_LEVEL = "-O";
				VALIDATE_PRODUCT = YES;
			};
			name = Release;
		};
		8406D0E1233A318D00035B9C /* Debug */ = {
			isa = XCBuildConfiguration;
			buildSettings = {
				ASSETCATALOG_COMPILER_APPICON_NAME = AppIcon;
				CODE_SIGN_STYLE = Automatic;
				INFOPLIST_FILE = testTask/Info.plist;
				LD_RUNPATH_SEARCH_PATHS = (
					"$(inherited)",
					"@executable_path/Frameworks",
				);
				PRODUCT_BUNDLE_IDENTIFIER = musamuss.testTask;
				PRODUCT_NAME = "$(TARGET_NAME)";
				SWIFT_VERSION = 5.0;
				TARGETED_DEVICE_FAMILY = "1,2";
			};
			name = Debug;
		};
		8406D0E2233A318D00035B9C /* Release */ = {
			isa = XCBuildConfiguration;
			buildSettings = {
				ASSETCATALOG_COMPILER_APPICON_NAME = AppIcon;
				CODE_SIGN_STYLE = Automatic;
				INFOPLIST_FILE = testTask/Info.plist;
				LD_RUNPATH_SEARCH_PATHS = (
					"$(inherited)",
					"@executable_path/Frameworks",
				);
				PRODUCT_BUNDLE_IDENTIFIER = musamuss.testTask;
				PRODUCT_NAME = "$(TARGET_NAME)";
				SWIFT_VERSION = 5.0;
				TARGETED_DEVICE_FAMILY = "1,2";
			};
			name = Release;
		};
/* End XCBuildConfiguration section */

/* Begin XCConfigurationList section */
		8406D0C7233A318C00035B9C /* Build configuration list for PBXProject "testTask" */ = {
			isa = XCConfigurationList;
			buildConfigurations = (
				8406D0DE233A318D00035B9C /* Debug */,
				8406D0DF233A318D00035B9C /* Release */,
			);
			defaultConfigurationIsVisible = 0;
			defaultConfigurationName = Release;
		};
		8406D0E0233A318D00035B9C /* Build configuration list for PBXNativeTarget "testTask" */ = {
			isa = XCConfigurationList;
			buildConfigurations = (
				8406D0E1233A318D00035B9C /* Debug */,
				8406D0E2233A318D00035B9C /* Release */,
			);
			defaultConfigurationIsVisible = 0;
			defaultConfigurationName = Release;
		};
/* End XCConfigurationList section */
	};
	rootObject = 8406D0C4233A318C00035B9C /* Project object */;
}
